// !$*UTF8*$!
{
	archiveVersion = 1;
	classes = {
	};
	objectVersion = 46;
	objects = {

/* Begin PBXBuildFile section */
		EB8824591B0E39DF00D3C2D3 /* main.cpp in Sources */ = {isa = PBXBuildFile; fileRef = EB8824581B0E39DF00D3C2D3 /* main.cpp */; };
		EB8824631B0E3A0B00D3C2D3 /* wavetable.cpp in Sources */ = {isa = PBXBuildFile; fileRef = EB8824611B0E3A0B00D3C2D3 /* wavetable.cpp */; };
/* End PBXBuildFile section */

/* Begin PBXCopyFilesBuildPhase section */
		EB8824531B0E39DF00D3C2D3 /* CopyFiles */ = {
			isa = PBXCopyFilesBuildPhase;
			buildActionMask = 2147483647;
			dstPath = /usr/share/man/man1/;
			dstSubfolderSpec = 0;
			files = (
			);
			runOnlyForDeploymentPostprocessing = 1;
		};
/* End PBXCopyFilesBuildPhase section */

/* Begin PBXFileReference section */
		EB8824551B0E39DF00D3C2D3 /* WaveTable */ = {isa = PBXFileReference; explicitFileType = "compiled.mach-o.executable"; includeInIndex = 0; path = WaveTable; sourceTree = BUILT_PRODUCTS_DIR; };
		EB8824581B0E39DF00D3C2D3 /* main.cpp */ = {isa = PBXFileReference; lastKnownFileType = sourcecode.cpp.cpp; path = main.cpp; sourceTree = "<group>"; };
		EB8824611B0E3A0B00D3C2D3 /* wavetable.cpp */ = {isa = PBXFileReference; fileEncoding = 4; lastKnownFileType = sourcecode.cpp.cpp; path = wavetable.cpp; sourceTree = "<group>"; };
		EB8824621B0E3A0B00D3C2D3 /* wavetable.h */ = {isa = PBXFileReference; fileEncoding = 4; lastKnownFileType = sourcecode.c.h; path = wavetable.h; sourceTree = "<group>"; };
/* End PBXFileReference section */

/* Begin PBXFrameworksBuildPhase section */
		EB8824521B0E39DF00D3C2D3 /* Frameworks */ = {
			isa = PBXFrameworksBuildPhase;
			buildActionMask = 2147483647;
			files = (
			);
			runOnlyForDeploymentPostprocessing = 0;
		};
/* End PBXFrameworksBuildPhase section */

/* Begin PBXGroup section */
		EB88244C1B0E39DF00D3C2D3 = {
			isa = PBXGroup;
			children = (
				EB8824571B0E39DF00D3C2D3 /* WaveTable */,
				EB8824561B0E39DF00D3C2D3 /* Products */,
			);
			sourceTree = "<group>";
		};
		EB8824561B0E39DF00D3C2D3 /* Products */ = {
			isa = PBXGroup;
			children = (
				EB8824551B0E39DF00D3C2D3 /* WaveTable */,
			);
			name = Products;
			sourceTree = "<group>";
		};
		EB8824571B0E39DF00D3C2D3 /* WaveTable */ = {
			isa = PBXGroup;
			children = (
				EB8824581B0E39DF00D3C2D3 /* main.cpp */,
				EB8824611B0E3A0B00D3C2D3 /* wavetable.cpp */,
				EB8824621B0E3A0B00D3C2D3 /* wavetable.h */,
			);
			path = WaveTable;
			sourceTree = "<group>";
		};
/* End PBXGroup section */

/* Begin PBXNativeTarget section */
		EB8824541B0E39DF00D3C2D3 /* WaveTable */ = {
			isa = PBXNativeTarget;
			buildConfigurationList = EB88245E1B0E39DF00D3C2D3 /* Build configuration list for PBXNativeTarget "WaveTable" */;
			buildPhases = (
				EB8824511B0E39DF00D3C2D3 /* Sources */,
				EB8824521B0E39DF00D3C2D3 /* Frameworks */,
				EB8824531B0E39DF00D3C2D3 /* CopyFiles */,
			);
			buildRules = (
			);
			dependencies = (
			);
			name = WaveTable;
			productName = WaveTable;
			productReference = EB8824551B0E39DF00D3C2D3 /* WaveTable */;
			productType = "com.apple.product-type.tool";
		};
/* End PBXNativeTarget section */

/* Begin PBXProject section */
		EB88244D1B0E39DF00D3C2D3 /* Project object */ = {
			isa = PBXProject;
			attributes = {
				LastUpgradeCheck = 0510;
				ORGANIZATIONNAME = olaf;
			};
			buildConfigurationList = EB8824501B0E39DF00D3C2D3 /* Build configuration list for PBXProject "WaveTable" */;
			compatibilityVersion = "Xcode 3.2";
			developmentRegion = English;
			hasScannedForEncodings = 0;
			knownRegions = (
				en,
			);
			mainGroup = EB88244C1B0E39DF00D3C2D3;
			productRefGroup = EB8824561B0E39DF00D3C2D3 /* Products */;
			projectDirPath = "";
			projectRoot = "";
			targets = (
				EB8824541B0E39DF00D3C2D3 /* WaveTable */,
			);
		};
/* End PBXProject section */

/* Begin PBXSourcesBuildPhase section */
		EB8824511B0E39DF00D3C2D3 /* Sources */ = {
			isa = PBXSourcesBuildPhase;
			buildActionMask = 2147483647;
			files = (
				EB8824591B0E39DF00D3C2D3 /* main.cpp in Sources */,
				EB8824631B0E3A0B00D3C2D3 /* wavetable.cpp in Sources */,
			);
			runOnlyForDeploymentPostprocessing = 0;
		};
/* End PBXSourcesBuildPhase section */

/* Begin XCBuildConfiguration section */
		EB88245C1B0E39DF00D3C2D3 /* Debug */ = {
			isa = XCBuildConfiguration;
			buildSettings = {
				ALWAYS_SEARCH_USER_PATHS = NO;
				CLANG_CXX_LANGUAGE_STANDARD = "gnu++0x";
				CLANG_CXX_LIBRARY = "libc++";
				CLANG_ENABLE_MODULES = YES;
				CLANG_ENABLE_OBJC_ARC = YES;
				CLANG_WARN_BOOL_CONVERSION = YES;
				CLANG_WARN_CONSTANT_CONVERSION = YES;
				CLANG_WARN_DIRECT_OBJC_ISA_USAGE = YES_ERROR;
				CLANG_WARN_EMPTY_BODY = YES;
				CLANG_WARN_ENUM_CONVERSION = YES;
				CLANG_WARN_INT_CONVERSION = YES;
				CLANG_WARN_OBJC_ROOT_CLASS = YES_ERROR;
				CLANG_WARN__DUPLICATE_METHOD_MATCH = YES;
				COPY_PHASE_STRIP = NO;
				GCC_C_LANGUAGE_STANDARD = gnu99;
				GCC_DYNAMIC_NO_PIC = NO;
				GCC_ENABLE_OBJC_EXCEPTIONS = YES;
				GCC_OPTIMIZATION_LEVEL = 0;
				GCC_PREPROCESSOR_DEFINITIONS = (
					"DEBUG=1",
					"$(inherited)",
				);
				GCC_SYMBOLS_PRIVATE_EXTERN = NO;
				GCC_WARN_64_TO_32_BIT_CONVERSION = YES;
				GCC_WARN_ABOUT_RETURN_TYPE = YES_ERROR;
				GCC_WARN_UNDECLARED_SELECTOR = YES;
				GCC_WARN_UNINITIALIZED_AUTOS = YES_AGGRESSIVE;
				GCC_WARN_UNUSED_FUNCTION = YES;
				GCC_WARN_UNUSED_VARIABLE = YES;
				MACOSX_DEPLOYMENT_TARGET = 10.8;
				ONLY_ACTIVE_ARCH = YES;
				SDKROOT = macosx;
			};
			name = Debug;
		};
		EB88245D1B0E39DF00D3C2D3 /* Release */ = {
			isa = XCBuildConfiguration;
			buildSettings = {
				ALWAYS_SEARCH_USER_PATHS = NO;
				CLANG_CXX_LANGUAGE_STANDARD = "gnu++0x";
				CLANG_CXX_LIBRARY = "libc++";
				CLANG_ENABLE_MODULES = YES;
				CLANG_ENABLE_OBJC_ARC = YES;
				CLANG_WARN_BOOL_CONVERSION = YES;
				CLANG_WARN_CONSTANT_CONVERSION = YES;
				CLANG_WARN_DIRECT_OBJC_ISA_USAGE = YES_ERROR;
				CLANG_WARN_EMPTY_BODY = YES;
				CLANG_WARN_ENUM_CONVERSION = YES;
				CLANG_WARN_INT_CONVERSION = YES;
				CLANG_WARN_OBJC_ROOT_CLASS = YES_ERROR;
				CLANG_WARN__DUPLICATE_METHOD_MATCH = YES;
				COPY_PHASE_STRIP = YES;
				DEBUG_INFORMATION_FORMAT = "dwarf-with-dsym";
				ENABLE_NS_ASSERTIONS = NO;
				GCC_C_LANGUAGE_STANDARD = gnu99;
				GCC_ENABLE_OBJC_EXCEPTIONS = YES;
				GCC_WARN_64_TO_32_BIT_CONVERSION = YES;
				GCC_WARN_ABOUT_RETURN_TYPE = YES_ERROR;
				GCC_WARN_UNDECLARED_SELECTOR = YES;
				GCC_WARN_UNINITIALIZED_AUTOS = YES_AGGRESSIVE;
				GCC_WARN_UNUSED_FUNCTION = YES;
				GCC_WARN_UNUSED_VARIABLE = YES;
				MACOSX_DEPLOYMENT_TARGET = 10.8;
				SDKROOT = macosx;
			};
			name = Release;
		};
		EB88245F1B0E39DF00D3C2D3 /* Debug */ = {
			isa = XCBuildConfiguration;
			buildSettings = {
				PRODUCT_NAME = "$(TARGET_NAME)";
			};
			name = Debug;
		};
		EB8824601B0E39DF00D3C2D3 /* Release */ = {
			isa = XCBuildConfiguration;
			buildSettings = {
				PRODUCT_NAME = "$(TARGET_NAME)";
			};
			name = Release;
		};
/* End XCBuildConfiguration section */

/* Begin XCConfigurationList section */
		EB8824501B0E39DF00D3C2D3 /* Build configuration list for PBXProject "WaveTable" */ = {
			isa = XCConfigurationList;
			buildConfigurations = (
				EB88245C1B0E39DF00D3C2D3 /* Debug */,
				EB88245D1B0E39DF00D3C2D3 /* Release */,
			);
			defaultConfigurationIsVisible = 0;
			defaultConfigurationName = Release;
		};
		EB88245E1B0E39DF00D3C2D3 /* Build configuration list for PBXNativeTarget "WaveTable" */ = {
			isa = XCConfigurationList;
			buildConfigurations = (
				EB88245F1B0E39DF00D3C2D3 /* Debug */,
				EB8824601B0E39DF00D3C2D3 /* Release */,
			);
			defaultConfigurationIsVisible = 0;
		};
/* End XCConfigurationList section */
	};
	rootObject = EB88244D1B0E39DF00D3C2D3 /* Project object */;
}
